
Microsoft Visual Studio Solution File, Format Version 11.00
# Visual Studio 2010
Project("{FAE04EC0-301F-11D3-BF4B-00C04F79EFBC}") = "gooseBoat", "Assembly-CSharp-firstpass.csproj", "{6C3C9316-2D63-7E94-2DAB-F65C0AF2E365}"
EndProject
Project("{FAE04EC0-301F-11D3-BF4B-00C04F79EFBC}") = "gooseBoat", "Assembly-CSharp.csproj", "{64DF34EC-D045-AD48-6C2E-370920E7D1E8}"
EndProject
Project("{FAE04EC0-301F-11D3-BF4B-00C04F79EFBC}") = "gooseBoat", "Assembly-CSharp-Editor-firstpass.csproj", "{7E4D4A7A-3E3A-74F3-C92D-3450DCD29C3B}"
EndProject
Global
	GlobalSection(SolutionConfigurationPlatforms) = preSolution
		Debug|Any CPU = Debug|Any CPU
		Release|Any CPU = Release|Any CPU
	EndGlobalSection
	GlobalSection(ProjectConfigurationPlatforms) = postSolution
		{6C3C9316-2D63-7E94-2DAB-F65C0AF2E365}.Debug|Any CPU.ActiveCfg = Debug|Any CPU
		{6C3C9316-2D63-7E94-2DAB-F65C0AF2E365}.Debug|Any CPU.Build.0 = Debug|Any CPU
		{6C3C9316-2D63-7E94-2DAB-F65C0AF2E365}.Release|Any CPU.ActiveCfg = Release|Any CPU
		{6C3C9316-2D63-7E94-2DAB-F65C0AF2E365}.Release|Any CPU.Build.0 = Release|Any CPU
		{64DF34EC-D045-AD48-6C2E-370920E7D1E8}.Debug|Any CPU.ActiveCfg = Debug|Any CPU
		{64DF34EC-D045-AD48-6C2E-370920E7D1E8}.Debug|Any CPU.Build.0 = Debug|Any CPU
		{64DF34EC-D045-AD48-6C2E-370920E7D1E8}.Release|Any CPU.ActiveCfg = Release|Any CPU
		{64DF34EC-D045-AD48-6C2E-370920E7D1E8}.Release|Any CPU.Build.0 = Release|Any CPU
		{7E4D4A7A-3E3A-74F3-C92D-3450DCD29C3B}.Debug|Any CPU.ActiveCfg = Debug|Any CPU
		{7E4D4A7A-3E3A-74F3-C92D-3450DCD29C3B}.Debug|Any CPU.Build.0 = Debug|Any CPU
		{7E4D4A7A-3E3A-74F3-C92D-3450DCD29C3B}.Release|Any CPU.ActiveCfg = Release|Any CPU
		{7E4D4A7A-3E3A-74F3-C92D-3450DCD29C3B}.Release|Any CPU.Build.0 = Release|Any CPU
	EndGlobalSection
	GlobalSection(SolutionProperties) = preSolution
		HideSolutionNode = FALSE
	EndGlobalSection
	GlobalSection(MonoDevelopProperties) = preSolution
		StartupItem = Assembly-CSharp.csproj
	EndGlobalSection
EndGlobal
